
Microsoft Visual Studio Solution File, Format Version 12.00
# Visual Studio Version 16
VisualStudioVersion = 16.0.31702.278
MinimumVisualStudioVersion = 10.0.40219.1
Project("{FAE04EC0-301F-11D3-BF4B-00C04F79EFBC}") = "harjoitus1", "harjoitus1\harjoitus1.csproj", "{A4DC7316-F5B1-4249-848B-6271808BEA4B}"
EndProject
Project("{FAE04EC0-301F-11D3-BF4B-00C04F79EFBC}") = "Harjoitus2", "Harjoitus2\Harjoitus2.csproj", "{66F4FD56-DD99-48A4-B759-05524BD7E602}"
EndProject
Global
	GlobalSection(SolutionConfigurationPlatforms) = preSolution
		Debug|Any CPU = Debug|Any CPU
		Release|Any CPU = Release|Any CPU
	EndGlobalSection
	GlobalSection(ProjectConfigurationPlatforms) = postSolution
		{A4DC7316-F5B1-4249-848B-6271808BEA4B}.Debug|Any CPU.ActiveCfg = Debug|Any CPU
		{A4DC7316-F5B1-4249-848B-6271808BEA4B}.Debug|Any CPU.Build.0 = Debug|Any CPU
		{A4DC7316-F5B1-4249-848B-6271808BEA4B}.Release|Any CPU.ActiveCfg = Release|Any CPU
		{A4DC7316-F5B1-4249-848B-6271808BEA4B}.Release|Any CPU.Build.0 = Release|Any CPU
		{66F4FD56-DD99-48A4-B759-05524BD7E602}.Debug|Any CPU.ActiveCfg = Debug|Any CPU
		{66F4FD56-DD99-48A4-B759-05524BD7E602}.Debug|Any CPU.Build.0 = Debug|Any CPU
		{66F4FD56-DD99-48A4-B759-05524BD7E602}.Release|Any CPU.ActiveCfg = Release|Any CPU
		{66F4FD56-DD99-48A4-B759-05524BD7E602}.Release|Any CPU.Build.0 = Release|Any CPU
	EndGlobalSection
	GlobalSection(SolutionProperties) = preSolution
		HideSolutionNode = FALSE
	EndGlobalSection
	GlobalSection(ExtensibilityGlobals) = postSolution
		SolutionGuid = {587D7AB2-8673-49DD-A3B8-0FDE7FA95078}
	EndGlobalSection
EndGlobal
